// !$*UTF8*$!
{
	archiveVersion = 1;
	classes = {
	};
	objectVersion = 46;
	objects = {

/* Begin PBXBuildFile section */
		7DC938D11AAB2DB30083F877 /* main.m in Sources */ = {isa = PBXBuildFile; fileRef = 7DC938D01AAB2DB30083F877 /* main.m */; };
		7DC938D41AAB2DB30083F877 /* AppDelegate.m in Sources */ = {isa = PBXBuildFile; fileRef = 7DC938D31AAB2DB30083F877 /* AppDelegate.m */; };
		7DC938D71AAB2DB30083F877 /* ViewController.m in Sources */ = {isa = PBXBuildFile; fileRef = 7DC938D61AAB2DB30083F877 /* ViewController.m */; };
		7DC938DA1AAB2DB30083F877 /* Main.storyboard in Resources */ = {isa = PBXBuildFile; fileRef = 7DC938D81AAB2DB30083F877 /* Main.storyboard */; };
		7DC938DC1AAB2DB30083F877 /* Images.xcassets in Resources */ = {isa = PBXBuildFile; fileRef = 7DC938DB1AAB2DB30083F877 /* Images.xcassets */; };
		7DC938DF1AAB2DB30083F877 /* LaunchScreen.xib in Resources */ = {isa = PBXBuildFile; fileRef = 7DC938DD1AAB2DB30083F877 /* LaunchScreen.xib */; };
		7DC938EB1AAB2DB30083F877 /* QQ____Tests.m in Sources */ = {isa = PBXBuildFile; fileRef = 7DC938EA1AAB2DB30083F877 /* QQ____Tests.m */; };
/* End PBXBuildFile section */

/* Begin PBXContainerItemProxy section */
		7DC938E51AAB2DB30083F877 /* PBXContainerItemProxy */ = {
			isa = PBXContainerItemProxy;
			containerPortal = 7DC938C31AAB2DB30083F877 /* Project object */;
			proxyType = 1;
			remoteGlobalIDString = 7DC938CA1AAB2DB30083F877;
			remoteInfo = "QQ好友列表";
		};
/* End PBXContainerItemProxy section */

/* Begin PBXFileReference section */
		7DC938CB1AAB2DB30083F877 /* QQ好友列表.app */ = {isa = PBXFileReference; explicitFileType = wrapper.application; includeInIndex = 0; path = "QQ好友列表.app"; sourceTree = BUILT_PRODUCTS_DIR; };
		7DC938CF1AAB2DB30083F877 /* Info.plist */ = {isa = PBXFileReference; lastKnownFileType = text.plist.xml; path = Info.plist; sourceTree = "<group>"; };
		7DC938D01AAB2DB30083F877 /* main.m */ = {isa = PBXFileReference; lastKnownFileType = sourcecode.c.objc; path = main.m; sourceTree = "<group>"; };
		7DC938D21AAB2DB30083F877 /* AppDelegate.h */ = {isa = PBXFileReference; lastKnownFileType = sourcecode.c.h; path = AppDelegate.h; sourceTree = "<group>"; };
		7DC938D31AAB2DB30083F877 /* AppDelegate.m */ = {isa = PBXFileReference; lastKnownFileType = sourcecode.c.objc; path = AppDelegate.m; sourceTree = "<group>"; };
		7DC938D51AAB2DB30083F877 /* ViewController.h */ = {isa = PBXFileReference; lastKnownFileType = sourcecode.c.h; path = ViewController.h; sourceTree = "<group>"; };
		7DC938D61AAB2DB30083F877 /* ViewController.m */ = {isa = PBXFileReference; lastKnownFileType = sourcecode.c.objc; path = ViewController.m; sourceTree = "<group>"; };
		7DC938D91AAB2DB30083F877 /* Base */ = {isa = PBXFileReference; lastKnownFileType = file.storyboard; name = Base; path = Base.lproj/Main.storyboard; sourceTree = "<group>"; };
		7DC938DB1AAB2DB30083F877 /* Images.xcassets */ = {isa = PBXFileReference; lastKnownFileType = folder.assetcatalog; path = Images.xcassets; sourceTree = "<group>"; };
		7DC938DE1AAB2DB30083F877 /* Base */ = {isa = PBXFileReference; lastKnownFileType = file.xib; name = Base; path = Base.lproj/LaunchScreen.xib; sourceTree = "<group>"; };
		7DC938E41AAB2DB30083F877 /* QQ好友列表Tests.xctest */ = {isa = PBXFileReference; explicitFileType = wrapper.cfbundle; includeInIndex = 0; path = "QQ好友列表Tests.xctest"; sourceTree = BUILT_PRODUCTS_DIR; };
		7DC938E91AAB2DB30083F877 /* Info.plist */ = {isa = PBXFileReference; lastKnownFileType = text.plist.xml; path = Info.plist; sourceTree = "<group>"; };
		7DC938EA1AAB2DB30083F877 /* QQ____Tests.m */ = {isa = PBXFileReference; lastKnownFileType = sourcecode.c.objc; path = "QQ____Tests.m"; sourceTree = "<group>"; };
/* End PBXFileReference section */

/* Begin PBXFrameworksBuildPhase section */
		7DC938C81AAB2DB30083F877 /* Frameworks */ = {
			isa = PBXFrameworksBuildPhase;
			buildActionMask = 2147483647;
			files = (
			);
			runOnlyForDeploymentPostprocessing = 0;
		};
		7DC938E11AAB2DB30083F877 /* Frameworks */ = {
			isa = PBXFrameworksBuildPhase;
			buildActionMask = 2147483647;
			files = (
			);
			runOnlyForDeploymentPostprocessing = 0;
		};
/* End PBXFrameworksBuildPhase section */

/* Begin PBXGroup section */
		7DC938C21AAB2DB30083F877 = {
			isa = PBXGroup;
			children = (
				7DC938CD1AAB2DB30083F877 /* QQ好友列表 */,
				7DC938E71AAB2DB30083F877 /* QQ好友列表Tests */,
				7DC938CC1AAB2DB30083F877 /* Products */,
			);
			sourceTree = "<group>";
		};
		7DC938CC1AAB2DB30083F877 /* Products */ = {
			isa = PBXGroup;
			children = (
				7DC938CB1AAB2DB30083F877 /* QQ好友列表.app */,
				7DC938E41AAB2DB30083F877 /* QQ好友列表Tests.xctest */,
			);
			name = Products;
			sourceTree = "<group>";
		};
		7DC938CD1AAB2DB30083F877 /* QQ好友列表 */ = {
			isa = PBXGroup;
			children = (
				7DC938D21AAB2DB30083F877 /* AppDelegate.h */,
				7DC938D31AAB2DB30083F877 /* AppDelegate.m */,
				7DC938D51AAB2DB30083F877 /* ViewController.h */,
				7DC938D61AAB2DB30083F877 /* ViewController.m */,
				7DC938D81AAB2DB30083F877 /* Main.storyboard */,
				7DC938DB1AAB2DB30083F877 /* Images.xcassets */,
				7DC938DD1AAB2DB30083F877 /* LaunchScreen.xib */,
				7DC938CE1AAB2DB30083F877 /* Supporting Files */,
			);
			path = "QQ好友列表";
			sourceTree = "<group>";
		};
		7DC938CE1AAB2DB30083F877 /* Supporting Files */ = {
			isa = PBXGroup;
			children = (
				7DC938CF1AAB2DB30083F877 /* Info.plist */,
				7DC938D01AAB2DB30083F877 /* main.m */,
			);
			name = "Supporting Files";
			sourceTree = "<group>";
		};
		7DC938E71AAB2DB30083F877 /* QQ好友列表Tests */ = {
			isa = PBXGroup;
			children = (
				7DC938EA1AAB2DB30083F877 /* QQ____Tests.m */,
				7DC938E81AAB2DB30083F877 /* Supporting Files */,
			);
			path = "QQ好友列表Tests";
			sourceTree = "<group>";
		};
		7DC938E81AAB2DB30083F877 /* Supporting Files */ = {
			isa = PBXGroup;
			children = (
				7DC938E91AAB2DB30083F877 /* Info.plist */,
			);
			name = "Supporting Files";
			sourceTree = "<group>";
		};
/* End PBXGroup section */

/* Begin PBXNativeTarget section */
		7DC938CA1AAB2DB30083F877 /* QQ好友列表 */ = {
			isa = PBXNativeTarget;
			buildConfigurationList = 7DC938EE1AAB2DB30083F877 /* Build configuration list for PBXNativeTarget "QQ好友列表" */;
			buildPhases = (
				7DC938C71AAB2DB30083F877 /* Sources */,
				7DC938C81AAB2DB30083F877 /* Frameworks */,
				7DC938C91AAB2DB30083F877 /* Resources */,
			);
			buildRules = (
			);
			dependencies = (
			);
			name = "QQ好友列表";
			productName = "QQ好友列表";
			productReference = 7DC938CB1AAB2DB30083F877 /* QQ好友列表.app */;
			productType = "com.apple.product-type.application";
		};
		7DC938E31AAB2DB30083F877 /* QQ好友列表Tests */ = {
			isa = PBXNativeTarget;
			buildConfigurationList = 7DC938F11AAB2DB30083F877 /* Build configuration list for PBXNativeTarget "QQ好友列表Tests" */;
			buildPhases = (
				7DC938E01AAB2DB30083F877 /* Sources */,
				7DC938E11AAB2DB30083F877 /* Frameworks */,
				7DC938E21AAB2DB30083F877 /* Resources */,
			);
			buildRules = (
			);
			dependencies = (
				7DC938E61AAB2DB30083F877 /* PBXTargetDependency */,
			);
			name = "QQ好友列表Tests";
			productName = "QQ好友列表Tests";
			productReference = 7DC938E41AAB2DB30083F877 /* QQ好友列表Tests.xctest */;
			productType = "com.apple.product-type.bundle.unit-test";
		};
/* End PBXNativeTarget section */

/* Begin PBXProject section */
		7DC938C31AAB2DB30083F877 /* Project object */ = {
			isa = PBXProject;
			attributes = {
				LastUpgradeCheck = 0610;
				ORGANIZATIONNAME = jinheng;
				TargetAttributes = {
					7DC938CA1AAB2DB30083F877 = {
						CreatedOnToolsVersion = 6.1.1;
					};
					7DC938E31AAB2DB30083F877 = {
						CreatedOnToolsVersion = 6.1.1;
						TestTargetID = 7DC938CA1AAB2DB30083F877;
					};
				};
			};
			buildConfigurationList = 7DC938C61AAB2DB30083F877 /* Build configuration list for PBXProject "QQ好友列表" */;
			compatibilityVersion = "Xcode 3.2";
			developmentRegion = English;
			hasScannedForEncodings = 0;
			knownRegions = (
				en,
				Base,
			);
			mainGroup = 7DC938C21AAB2DB30083F877;
			productRefGroup = 7DC938CC1AAB2DB30083F877 /* Products */;
			projectDirPath = "";
			projectRoot = "";
			targets = (
				7DC938CA1AAB2DB30083F877 /* QQ好友列表 */,
				7DC938E31AAB2DB30083F877 /* QQ好友列表Tests */,
			);
		};
/* End PBXProject section */

/* Begin PBXResourcesBuildPhase section */
		7DC938C91AAB2DB30083F877 /* Resources */ = {
			isa = PBXResourcesBuildPhase;
			buildActionMask = 2147483647;
			files = (
				7DC938DA1AAB2DB30083F877 /* Main.storyboard in Resources */,
				7DC938DF1AAB2DB30083F877 /* LaunchScreen.xib in Resources */,
				7DC938DC1AAB2DB30083F877 /* Images.xcassets in Resources */,
			);
			runOnlyForDeploymentPostprocessing = 0;
		};
		7DC938E21AAB2DB30083F877 /* Resources */ = {
			isa = PBXResourcesBuildPhase;
			buildActionMask = 2147483647;
			files = (
			);
			runOnlyForDeploymentPostprocessing = 0;
		};
/* End PBXResourcesBuildPhase section */

/* Begin PBXSourcesBuildPhase section */
		7DC938C71AAB2DB30083F877 /* Sources */ = {
			isa = PBXSourcesBuildPhase;
			buildActionMask = 2147483647;
			files = (
				7DC938D71AAB2DB30083F877 /* ViewController.m in Sources */,
				7DC938D41AAB2DB30083F877 /* AppDelegate.m in Sources */,
				7DC938D11AAB2DB30083F877 /* main.m in Sources */,
			);
			runOnlyForDeploymentPostprocessing = 0;
		};
		7DC938E01AAB2DB30083F877 /* Sources */ = {
			isa = PBXSourcesBuildPhase;
			buildActionMask = 2147483647;
			files = (
				7DC938EB1AAB2DB30083F877 /* QQ____Tests.m in Sources */,
			);
			runOnlyForDeploymentPostprocessing = 0;
		};
/* End PBXSourcesBuildPhase section */

/* Begin PBXTargetDependency section */
		7DC938E61AAB2DB30083F877 /* PBXTargetDependency */ = {
			isa = PBXTargetDependency;
			target = 7DC938CA1AAB2DB30083F877 /* QQ好友列表 */;
			targetProxy = 7DC938E51AAB2DB30083F877 /* PBXContainerItemProxy */;
		};
/* End PBXTargetDependency section */

/* Begin PBXVariantGroup section */
		7DC938D81AAB2DB30083F877 /* Main.storyboard */ = {
			isa = PBXVariantGroup;
			children = (
				7DC938D91AAB2DB30083F877 /* Base */,
			);
			name = Main.storyboard;
			sourceTree = "<group>";
		};
		7DC938DD1AAB2DB30083F877 /* LaunchScreen.xib */ = {
			isa = PBXVariantGroup;
			children = (
				7DC938DE1AAB2DB30083F877 /* Base */,
			);
			name = LaunchScreen.xib;
			sourceTree = "<group>";
		};
/* End PBXVariantGroup section */

/* Begin XCBuildConfiguration section */
		7DC938EC1AAB2DB30083F877 /* Debug */ = {
			isa = XCBuildConfiguration;
			buildSettings = {
				ALWAYS_SEARCH_USER_PATHS = NO;
				CLANG_CXX_LANGUAGE_STANDARD = "gnu++0x";
				CLANG_CXX_LIBRARY = "libc++";
				CLANG_ENABLE_MODULES = YES;
				CLANG_ENABLE_OBJC_ARC = YES;
				CLANG_WARN_BOOL_CONVERSION = YES;
				CLANG_WARN_CONSTANT_CONVERSION = YES;
				CLANG_WARN_DIRECT_OBJC_ISA_USAGE = YES_ERROR;
				CLANG_WARN_EMPTY_BODY = YES;
				CLANG_WARN_ENUM_CONVERSION = YES;
				CLANG_WARN_INT_CONVERSION = YES;
				CLANG_WARN_OBJC_ROOT_CLASS = YES_ERROR;
				CLANG_WARN_UNREACHABLE_CODE = YES;
				CLANG_WARN__DUPLICATE_METHOD_MATCH = YES;
				"CODE_SIGN_IDENTITY[sdk=iphoneos*]" = "iPhone Developer";
				COPY_PHASE_STRIP = NO;
				ENABLE_STRICT_OBJC_MSGSEND = YES;
				GCC_C_LANGUAGE_STANDARD = gnu99;
				GCC_DYNAMIC_NO_PIC = NO;
				GCC_OPTIMIZATION_LEVEL = 0;
				GCC_PREPROCESSOR_DEFINITIONS = (
					"DEBUG=1",
					"$(inherited)",
				);
				GCC_SYMBOLS_PRIVATE_EXTERN = NO;
				GCC_WARN_64_TO_32_BIT_CONVERSION = YES;
				GCC_WARN_ABOUT_RETURN_TYPE = YES_ERROR;
				GCC_WARN_UNDECLARED_SELECTOR = YES;
				GCC_WARN_UNINITIALIZED_AUTOS = YES_AGGRESSIVE;
				GCC_WARN_UNUSED_FUNCTION = YES;
				GCC_WARN_UNUSED_VARIABLE = YES;
				IPHONEOS_DEPLOYMENT_TARGET = 8.1;
				MTL_ENABLE_DEBUG_INFO = YES;
				ONLY_ACTIVE_ARCH = YES;
				SDKROOT = iphoneos;
			};
			name = Debug;
		};
		7DC938ED1AAB2DB30083F877 /* Release */ = {
			isa = XCBuildConfiguration;
			buildSettings = {
				ALWAYS_SEARCH_USER_PATHS = NO;
				CLANG_CXX_LANGUAGE_STANDARD = "gnu++0x";
				CLANG_CXX_LIBRARY = "libc++";
				CLANG_ENABLE_MODULES = YES;
				CLANG_ENABLE_OBJC_ARC = YES;
				CLANG_WARN_BOOL_CONVERSION = YES;
				CLANG_WARN_CONSTANT_CONVERSION = YES;
				CLANG_WARN_DIRECT_OBJC_ISA_USAGE = YES_ERROR;
				CLANG_WARN_EMPTY_BODY = YES;
				CLANG_WARN_ENUM_CONVERSION = YES;
				CLANG_WARN_INT_CONVERSION = YES;
				CLANG_WARN_OBJC_ROOT_CLASS = YES_ERROR;
				CLANG_WARN_UNREACHABLE_CODE = YES;
				CLANG_WARN__DUPLICATE_METHOD_MATCH = YES;
				"CODE_SIGN_IDENTITY[sdk=iphoneos*]" = "iPhone Developer";
				COPY_PHASE_STRIP = YES;
				ENABLE_NS_ASSERTIONS = NO;
				ENABLE_STRICT_OBJC_MSGSEND = YES;
				GCC_C_LANGUAGE_STANDARD = gnu99;
				GCC_WARN_64_TO_32_BIT_CONVERSION = YES;
				GCC_WARN_ABOUT_RETURN_TYPE = YES_ERROR;
				GCC_WARN_UNDECLARED_SELECTOR = YES;
				GCC_WARN_UNINITIALIZED_AUTOS = YES_AGGRESSIVE;
				GCC_WARN_UNUSED_FUNCTION = YES;
				GCC_WARN_UNUSED_VARIABLE = YES;
				IPHONEOS_DEPLOYMENT_TARGET = 8.1;
				MTL_ENABLE_DEBUG_INFO = NO;
				SDKROOT = iphoneos;
				VALIDATE_PRODUCT = YES;
			};
			name = Release;
		};
		7DC938EF1AAB2DB30083F877 /* Debug */ = {
			isa = XCBuildConfiguration;
			buildSettings = {
				ASSETCATALOG_COMPILER_APPICON_NAME = AppIcon;
				INFOPLIST_FILE = "QQ好友列表/Info.plist";
				LD_RUNPATH_SEARCH_PATHS = "$(inherited) @executable_path/Frameworks";
				PRODUCT_NAME = "$(TARGET_NAME)";
			};
			name = Debug;
		};
		7DC938F01AAB2DB30083F877 /* Release */ = {
			isa = XCBuildConfiguration;
			buildSettings = {
				ASSETCATALOG_COMPILER_APPICON_NAME = AppIcon;
				INFOPLIST_FILE = "QQ好友列表/Info.plist";
				LD_RUNPATH_SEARCH_PATHS = "$(inherited) @executable_path/Frameworks";
				PRODUCT_NAME = "$(TARGET_NAME)";
			};
			name = Release;
		};
		7DC938F21AAB2DB30083F877 /* Debug */ = {
			isa = XCBuildConfiguration;
			buildSettings = {
				BUNDLE_LOADER = "$(TEST_HOST)";
				FRAMEWORK_SEARCH_PATHS = (
					"$(SDKROOT)/Developer/Library/Frameworks",
					"$(inherited)",
				);
				GCC_PREPROCESSOR_DEFINITIONS = (
					"DEBUG=1",
					"$(inherited)",
				);
				INFOPLIST_FILE = "QQ好友列表Tests/Info.plist";
				LD_RUNPATH_SEARCH_PATHS = "$(inherited) @executable_path/Frameworks @loader_path/Frameworks";
				PRODUCT_NAME = "$(TARGET_NAME)";
				TEST_HOST = "$(BUILT_PRODUCTS_DIR)/QQ好友列表.app/QQ好友列表";
			};
			name = Debug;
		};
		7DC938F31AAB2DB30083F877 /* Release */ = {
			isa = XCBuildConfiguration;
			buildSettings = {
				BUNDLE_LOADER = "$(TEST_HOST)";
				FRAMEWORK_SEARCH_PATHS = (
					"$(SDKROOT)/Developer/Library/Frameworks",
					"$(inherited)",
				);
				INFOPLIST_FILE = "QQ好友列表Tests/Info.plist";
				LD_RUNPATH_SEARCH_PATHS = "$(inherited) @executable_path/Frameworks @loader_path/Frameworks";
				PRODUCT_NAME = "$(TARGET_NAME)";
				TEST_HOST = "$(BUILT_PRODUCTS_DIR)/QQ好友列表.app/QQ好友列表";
			};
			name = Release;
		};
/* End XCBuildConfiguration section */

/* Begin XCConfigurationList section */
		7DC938C61AAB2DB30083F877 /* Build configuration list for PBXProject "QQ好友列表" */ = {
			isa = XCConfigurationList;
			buildConfigurations = (
				7DC938EC1AAB2DB30083F877 /* Debug */,
				7DC938ED1AAB2DB30083F877 /* Release */,
			);
			defaultConfigurationIsVisible = 0;
			defaultConfigurationName = Release;
		};
		7DC938EE1AAB2DB30083F877 /* Build configuration list for PBXNativeTarget "QQ好友列表" */ = {
			isa = XCConfigurationList;
			buildConfigurations = (
				7DC938EF1AAB2DB30083F877 /* Debug */,
				7DC938F01AAB2DB30083F877 /* Release */,
			);
			defaultConfigurationIsVisible = 0;
		};
		7DC938F11AAB2DB30083F877 /* Build configuration list for PBXNativeTarget "QQ好友列表Tests" */ = {
			isa = XCConfigurationList;
			buildConfigurations = (
				7DC938F21AAB2DB30083F877 /* Debug */,
				7DC938F31AAB2DB30083F877 /* Release */,
			);
			defaultConfigurationIsVisible = 0;
		};
/* End XCConfigurationList section */
	};
	rootObject = 7DC938C31AAB2DB30083F877 /* Project object */;
}
